
Microsoft Visual Studio Solution File, Format Version 12.00
# Visual Studio Version 17
VisualStudioVersion = 17.12.35527.113 d17.12
MinimumVisualStudioVersion = 10.0.40219.1
Project("{FAE04EC0-301F-11D3-BF4B-00C04F79EFBC}") = "VovanchikWeather", "VovanchikWeather\VovanchikWeather\VovanchikWeather.csproj", "{C578630F-B4FC-4AB0-A439-387E1B06483C}"
EndProject
Project("{FAE04EC0-301F-11D3-BF4B-00C04F79EFBC}") = "VovanchikWeather.Client", "VovanchikWeather\VovanchikWeather.Client\VovanchikWeather.Client.csproj", "{EC66FAEC-2E22-40D4-8C3A-0367A41BF075}"
EndProject
Global
	GlobalSection(SolutionConfigurationPlatforms) = preSolution
		Debug|Any CPU = Debug|Any CPU
		Release|Any CPU = Release|Any CPU
	EndGlobalSection
	GlobalSection(ProjectConfigurationPlatforms) = postSolution
		{C578630F-B4FC-4AB0-A439-387E1B06483C}.Debug|Any CPU.ActiveCfg = Debug|Any CPU
		{C578630F-B4FC-4AB0-A439-387E1B06483C}.Debug|Any CPU.Build.0 = Debug|Any CPU
		{C578630F-B4FC-4AB0-A439-387E1B06483C}.Release|Any CPU.ActiveCfg = Release|Any CPU
		{C578630F-B4FC-4AB0-A439-387E1B06483C}.Release|Any CPU.Build.0 = Release|Any CPU
		{EC66FAEC-2E22-40D4-8C3A-0367A41BF075}.Debug|Any CPU.ActiveCfg = Debug|Any CPU
		{EC66FAEC-2E22-40D4-8C3A-0367A41BF075}.Debug|Any CPU.Build.0 = Debug|Any CPU
		{EC66FAEC-2E22-40D4-8C3A-0367A41BF075}.Release|Any CPU.ActiveCfg = Release|Any CPU
		{EC66FAEC-2E22-40D4-8C3A-0367A41BF075}.Release|Any CPU.Build.0 = Release|Any CPU
	EndGlobalSection
	GlobalSection(SolutionProperties) = preSolution
		HideSolutionNode = FALSE
	EndGlobalSection
EndGlobal
